
Microsoft Visual Studio Solution File, Format Version 12.00
# Visual Studio Version 16
VisualStudioVersion = 16.0.28315.86
MinimumVisualStudioVersion = 10.0.40219.1
Project("{8BC9CEB8-8B4A-11D0-8D11-00A0C91BC942}") = "Scylla", "Scylla\Scylla.vcxproj", "{710434C9-FC4B-4F1D-B318-E10ADC78499F}"
	ProjectSection(ProjectDependencies) = postProject
		{187A751B-B47D-4A95-9F24-55D3D7ABB570} = {187A751B-B47D-4A95-9F24-55D3D7ABB570}
		{A4B94DE4-BE0E-4E7D-95E7-7B84E6F117A1} = {A4B94DE4-BE0E-4E7D-95E7-7B84E6F117A1}
	EndProjectSection
EndProject
Project("{2150E333-8FDC-42A3-9474-1A3956D46DE8}") = "libs", "libs", "{84166737-F51E-44F2-9D9D-5E8CC48CEEBE}"
EndProject
Project("{8BC9CEB8-8B4A-11D0-8D11-00A0C91BC942}") = "diStorm", "libs\diStorm.vcxproj", "{A4B94DE4-BE0E-4E7D-95E7-7B84E6F117A1}"
EndProject
Project("{8BC9CEB8-8B4A-11D0-8D11-00A0C91BC942}") = "tinyxml", "libs\tinyxml.vcxproj", "{187A751B-B47D-4A95-9F24-55D3D7ABB570}"
EndProject
Project("{2150E333-8FDC-42A3-9474-1A3956D46DE8}") = "plugins", "plugins", "{A9A244B4-918B-4C5C-A6E3-B93918592E4B}"
EndProject
Project("{8BC9CEB8-8B4A-11D0-8D11-00A0C91BC942}") = "ImprecWrapper", "Plugins\src\ImprecWrapper\ImprecWrapper.vcxproj", "{9E21BF66-17A6-4EC9-A8C9-1CAF895CFE9B}"
EndProject
Project("{8BC9CEB8-8B4A-11D0-8D11-00A0C91BC942}") = "PECompact", "Plugins\src\PECompact\PECompact.vcxproj", "{01F5FC2E-0917-49A4-8AF1-ACA87604C66A}"
EndProject
Project("{8BC9CEB8-8B4A-11D0-8D11-00A0C91BC942}") = "PESpin", "Plugins\src\PESpin\PESpin.vcxproj", "{972D5174-2D85-4842-88FF-48426B23C56F}"
EndProject
Global
	GlobalSection(SolutionConfigurationPlatforms) = preSolution
		Debug|Win32 = Debug|Win32
		Debug|x64 = Debug|x64
		Release|Win32 = Release|Win32
		Release|x64 = Release|x64
	EndGlobalSection
	GlobalSection(ProjectConfigurationPlatforms) = postSolution
		{710434C9-FC4B-4F1D-B318-E10ADC78499F}.Debug|Win32.ActiveCfg = Debug|Win32
		{710434C9-FC4B-4F1D-B318-E10ADC78499F}.Debug|Win32.Build.0 = Debug|Win32
		{710434C9-FC4B-4F1D-B318-E10ADC78499F}.Debug|x64.ActiveCfg = Debug|x64
		{710434C9-FC4B-4F1D-B318-E10ADC78499F}.Debug|x64.Build.0 = Debug|x64
		{710434C9-FC4B-4F1D-B318-E10ADC78499F}.Release|Win32.ActiveCfg = Release|Win32
		{710434C9-FC4B-4F1D-B318-E10ADC78499F}.Release|Win32.Build.0 = Release|Win32
		{710434C9-FC4B-4F1D-B318-E10ADC78499F}.Release|x64.ActiveCfg = Release|x64
		{710434C9-FC4B-4F1D-B318-E10ADC78499F}.Release|x64.Build.0 = Release|x64
		{A4B94DE4-BE0E-4E7D-95E7-7B84E6F117A1}.Debug|Win32.ActiveCfg = Debug|Win32
		{A4B94DE4-BE0E-4E7D-95E7-7B84E6F117A1}.Debug|Win32.Build.0 = Debug|Win32
		{A4B94DE4-BE0E-4E7D-95E7-7B84E6F117A1}.Debug|x64.ActiveCfg = Debug|x64
		{A4B94DE4-BE0E-4E7D-95E7-7B84E6F117A1}.Debug|x64.Build.0 = Debug|x64
		{A4B94DE4-BE0E-4E7D-95E7-7B84E6F117A1}.Release|Win32.ActiveCfg = Release|Win32
		{A4B94DE4-BE0E-4E7D-95E7-7B84E6F117A1}.Release|Win32.Build.0 = Release|Win32
		{A4B94DE4-BE0E-4E7D-95E7-7B84E6F117A1}.Release|x64.ActiveCfg = Release|x64
		{A4B94DE4-BE0E-4E7D-95E7-7B84E6F117A1}.Release|x64.Build.0 = Release|x64
		{187A751B-B47D-4A95-9F24-55D3D7ABB570}.Debug|Win32.ActiveCfg = Debug|Win32
		{187A751B-B47D-4A95-9F24-55D3D7ABB570}.Debug|Win32.Build.0 = Debug|Win32
		{187A751B-B47D-4A95-9F24-55D3D7ABB570}.Debug|x64.ActiveCfg = Debug|x64
		{187A751B-B47D-4A95-9F24-55D3D7ABB570}.Debug|x64.Build.0 = Debug|x64
		{187A751B-B47D-4A95-9F24-55D3D7ABB570}.Release|Win32.ActiveCfg = Release|Win32
		{187A751B-B47D-4A95-9F24-55D3D7ABB570}.Release|Win32.Build.0 = Release|Win32
		{187A751B-B47D-4A95-9F24-55D3D7ABB570}.Release|x64.ActiveCfg = Release|x64
		{187A751B-B47D-4A95-9F24-55D3D7ABB570}.Release|x64.Build.0 = Release|x64
		{9E21BF66-17A6-4EC9-A8C9-1CAF895CFE9B}.Debug|Win32.ActiveCfg = Debug|Win32
		{9E21BF66-17A6-4EC9-A8C9-1CAF895CFE9B}.Debug|Win32.Build.0 = Debug|Win32
		{9E21BF66-17A6-4EC9-A8C9-1CAF895CFE9B}.Debug|x64.ActiveCfg = Debug|Win32
		{9E21BF66-17A6-4EC9-A8C9-1CAF895CFE9B}.Debug|x64.Build.0 = Debug|Win32
		{9E21BF66-17A6-4EC9-A8C9-1CAF895CFE9B}.Release|Win32.ActiveCfg = Release|Win32
		{9E21BF66-17A6-4EC9-A8C9-1CAF895CFE9B}.Release|Win32.Build.0 = Release|Win32
		{9E21BF66-17A6-4EC9-A8C9-1CAF895CFE9B}.Release|x64.ActiveCfg = Release|x64
		{9E21BF66-17A6-4EC9-A8C9-1CAF895CFE9B}.Release|x64.Build.0 = Release|x64
		{01F5FC2E-0917-49A4-8AF1-ACA87604C66A}.Debug|Win32.ActiveCfg = Debug|Win32
		{01F5FC2E-0917-49A4-8AF1-ACA87604C66A}.Debug|Win32.Build.0 = Debug|Win32
		{01F5FC2E-0917-49A4-8AF1-ACA87604C66A}.Debug|x64.ActiveCfg = Debug|x64
		{01F5FC2E-0917-49A4-8AF1-ACA87604C66A}.Debug|x64.Build.0 = Debug|x64
		{01F5FC2E-0917-49A4-8AF1-ACA87604C66A}.Release|Win32.ActiveCfg = Release|Win32
		{01F5FC2E-0917-49A4-8AF1-ACA87604C66A}.Release|Win32.Build.0 = Release|Win32
		{01F5FC2E-0917-49A4-8AF1-ACA87604C66A}.Release|x64.ActiveCfg = Release|x64
		{01F5FC2E-0917-49A4-8AF1-ACA87604C66A}.Release|x64.Build.0 = Release|x64
		{972D5174-2D85-4842-88FF-48426B23C56F}.Debug|Win32.ActiveCfg = Debug|Win32
		{972D5174-2D85-4842-88FF-48426B23C56F}.Debug|Win32.Build.0 = Debug|Win32
		{972D5174-2D85-4842-88FF-48426B23C56F}.Debug|x64.ActiveCfg = Debug|x64
		{972D5174-2D85-4842-88FF-48426B23C56F}.Debug|x64.Build.0 = Debug|x64
		{972D5174-2D85-4842-88FF-48426B23C56F}.Release|Win32.ActiveCfg = Release|Win32
		{972D5174-2D85-4842-88FF-48426B23C56F}.Release|Win32.Build.0 = Release|Win32
		{972D5174-2D85-4842-88FF-48426B23C56F}.Release|x64.ActiveCfg = Release|x64
		{972D5174-2D85-4842-88FF-48426B23C56F}.Release|x64.Build.0 = Release|x64
	EndGlobalSection
	GlobalSection(SolutionProperties) = preSolution
		HideSolutionNode = FALSE
	EndGlobalSection
	GlobalSection(NestedProjects) = preSolution
		{A4B94DE4-BE0E-4E7D-95E7-7B84E6F117A1} = {84166737-F51E-44F2-9D9D-5E8CC48CEEBE}
		{187A751B-B47D-4A95-9F24-55D3D7ABB570} = {84166737-F51E-44F2-9D9D-5E8CC48CEEBE}
		{9E21BF66-17A6-4EC9-A8C9-1CAF895CFE9B} = {A9A244B4-918B-4C5C-A6E3-B93918592E4B}
		{01F5FC2E-0917-49A4-8AF1-ACA87604C66A} = {A9A244B4-918B-4C5C-A6E3-B93918592E4B}
		{972D5174-2D85-4842-88FF-48426B23C56F} = {A9A244B4-918B-4C5C-A6E3-B93918592E4B}
	EndGlobalSection
	GlobalSection(ExtensibilityGlobals) = postSolution
		SolutionGuid = {D8C3EC6B-083F-4C08-A4A0-693F3D7542A6}
	EndGlobalSection
EndGlobal
