<?xml version="1.0" encoding="utf-8"?>
<Project ToolsVersion="4.0" xmlns="http://schemas.microsoft.com/developer/msbuild/2003">
  <ItemGroup>
    <Filter Include="Header Files">
      <UniqueIdentifier>{93995380-89BD-4b04-88EB-625FBE52EBFB}</UniqueIdentifier>
      <Extensions>h;hpp;hxx;hm;inl;inc;xsd</Extensions>
    </Filter>
    <Filter Include="Header Files\GUI">
      <UniqueIdentifier>{e037d0d5-35ad-4034-83db-746a56a4fee7}</UniqueIdentifier>
    </Filter>
    <Filter Include="Header Files\Helper">
      <UniqueIdentifier>{94d7cf3b-0d27-4bd6-b08f-e5894e02ef30}</UniqueIdentifier>
    </Filter>
    <Filter Include="Resource Files">
      <UniqueIdentifier>{67DA6AB6-F800-4c08-8B7A-83BB121AAD01}</UniqueIdentifier>
      <Extensions>rc;ico;cur;bmp;dlg;rc2;rct;bin;rgs;gif;jpg;jpeg;jpe;resx;tiff;tif;png;wav;mfcribbon-ms</Extensions>
    </Filter>
    <Filter Include="Source Files">
      <UniqueIdentifier>{4FC737F1-C7A5-4376-A066-2A32D752A2FF}</UniqueIdentifier>
      <Extensions>cpp;c;cc;cxx;def;odl;idl;hpj;bat;asm;asmx</Extensions>
    </Filter>
    <Filter Include="Source Files\GUI">
      <UniqueIdentifier>{6f76186f-b79c-41e2-8939-05d9de028aad}</UniqueIdentifier>
    </Filter>
    <Filter Include="Source Files\Helper">
      <UniqueIdentifier>{bbdfcdb4-3526-43c4-8984-da0f635cc93b}</UniqueIdentifier>
    </Filter>
  </ItemGroup>
  <ItemGroup>
    <ClCompile Include="main.cpp">
      <Filter>Source Files</Filter>
    </ClCompile>
    <ClCompile Include="MainGui.cpp">
      <Filter>Source Files\GUI</Filter>
    </ClCompile>
    <ClCompile Include="Logger.cpp">
      <Filter>Source Files\GUI</Filter>
    </ClCompile>
    <ClCompile Include="ProcessLister.cpp">
      <Filter>Source Files</Filter>
    </ClCompile>
    <ClCompile Include="PickDllGui.cpp">
      <Filter>Source Files\GUI</Filter>
    </ClCompile>
    <ClCompile Include="ImportsHandling.cpp">
      <Filter>Source Files\GUI</Filter>
    </ClCompile>
    <ClCompile Include="ApiReader.cpp">
      <Filter>Source Files</Filter>
    </ClCompile>
    <ClCompile Include="IATSearch.cpp">
      <Filter>Source Files</Filter>
    </ClCompile>
    <ClCompile Include="ProcessAccessHelp.cpp">
      <Filter>Source Files</Filter>
    </ClCompile>
    <ClCompile Include="DllInjection.cpp">
      <Filter>Source Files</Filter>
    </ClCompile>
    <ClCompile Include="DllInjectionPlugin.cpp">
      <Filter>Source Files</Filter>
    </ClCompile>
    <ClCompile Include="PluginLoader.cpp">
      <Filter>Source Files</Filter>
    </ClCompile>
    <ClCompile Include="ConfigurationHolder.cpp">
      <Filter>Source Files</Filter>
    </ClCompile>
    <ClCompile Include="DisassemblerGui.cpp">
      <Filter>Source Files\GUI</Filter>
    </ClCompile>
    <ClCompile Include="NativeWinApi.cpp">
      <Filter>Source Files</Filter>
    </ClCompile>
    <ClCompile Include="SystemInformation.cpp">
      <Filter>Source Files</Filter>
    </ClCompile>
    <ClCompile Include="AboutGui.cpp">
      <Filter>Source Files\GUI</Filter>
    </ClCompile>
    <ClCompile Include="OptionsGui.cpp">
      <Filter>Source Files\GUI</Filter>
    </ClCompile>
    <ClCompile Include="PickApiGui.cpp">
      <Filter>Source Files\GUI</Filter>
    </ClCompile>
    <ClCompile Include="TreeImportExport.cpp">
      <Filter>Source Files</Filter>
    </ClCompile>
    <ClCompile Include="Scylla.cpp">
      <Filter>Source Files\GUI</Filter>
    </ClCompile>
    <ClCompile Include="Configuration.cpp">
      <Filter>Source Files</Filter>
    </ClCompile>
    <ClCompile Include="StringConversion.cpp">
      <Filter>Source Files</Filter>
    </ClCompile>
    <ClCompile Include="DumpMemoryGui.cpp">
      <Filter>Source Files\GUI</Filter>
    </ClCompile>
    <ClCompile Include="DeviceNameResolver.cpp">
      <Filter>Source Files\Helper</Filter>
    </ClCompile>
    <ClCompile Include="Architecture.cpp">
      <Filter>Source Files</Filter>
    </ClCompile>
    <ClCompile Include="DumpSectionGui.cpp">
      <Filter>Source Files\GUI</Filter>
    </ClCompile>
    <ClCompile Include="PeParser.cpp">
      <Filter>Source Files</Filter>
    </ClCompile>
    <ClCompile Include="ImportRebuilder.cpp">
      <Filter>Source Files</Filter>
    </ClCompile>
    <ClCompile Include="FunctionExport.cpp">
      <Filter>Source Files</Filter>
    </ClCompile>
    <ClCompile Include="DonateGui.cpp">
      <Filter>Source Files\GUI</Filter>
    </ClCompile>
    <ClCompile Include="IATReferenceScan.cpp">
      <Filter>Source Files</Filter>
    </ClCompile>
  </ItemGroup>
  <ItemGroup>
    <ClInclude Include="resource.h">
      <Filter>Header Files</Filter>
    </ClInclude>
    <ClInclude Include="MainGui.h">
      <Filter>Header Files\GUI</Filter>
    </ClInclude>
    <ClInclude Include="Logger.h">
      <Filter>Header Files\GUI</Filter>
    </ClInclude>
    <ClInclude Include="ProcessLister.h">
      <Filter>Header Files</Filter>
    </ClInclude>
    <ClInclude Include="PickDllGui.h">
      <Filter>Header Files\GUI</Filter>
    </ClInclude>
    <ClInclude Include="ImportsHandling.h">
      <Filter>Header Files\GUI</Filter>
    </ClInclude>
    <ClInclude Include="ApiReader.h">
      <Filter>Header Files</Filter>
    </ClInclude>
    <ClInclude Include="IATSearch.h">
      <Filter>Header Files</Filter>
    </ClInclude>
    <ClInclude Include="ProcessAccessHelp.h">
      <Filter>Header Files</Filter>
    </ClInclude>
    <ClInclude Include="Thunks.h">
      <Filter>Header Files\GUI</Filter>
    </ClInclude>
    <ClInclude Include="ConfigurationHolder.h">
      <Filter>Header Files</Filter>
    </ClInclude>
    <ClInclude Include="DllInjectionPlugin.h">
      <Filter>Header Files</Filter>
    </ClInclude>
    <ClInclude Include="DllInjection.h">
      <Filter>Header Files</Filter>
    </ClInclude>
    <ClInclude Include="PluginLoader.h">
      <Filter>Header Files</Filter>
    </ClInclude>
    <ClInclude Include="DisassemblerGui.h">
      <Filter>Header Files\GUI</Filter>
    </ClInclude>
    <ClInclude Include="NativeWinApi.h">
      <Filter>Header Files</Filter>
    </ClInclude>
    <ClInclude Include="SystemInformation.h">
      <Filter>Header Files</Filter>
    </ClInclude>
    <ClInclude Include="AboutGui.h">
      <Filter>Header Files\GUI</Filter>
    </ClInclude>
    <ClInclude Include="OptionsGui.h">
      <Filter>Header Files\GUI</Filter>
    </ClInclude>
    <ClInclude Include="PickApiGui.h">
      <Filter>Header Files\GUI</Filter>
    </ClInclude>
    <ClInclude Include="multitree.h">
      <Filter>Header Files\GUI</Filter>
    </ClInclude>
    <ClInclude Include="TreeImportExport.h">
      <Filter>Header Files</Filter>
    </ClInclude>
    <ClInclude Include="Scylla.h">
      <Filter>Header Files\GUI</Filter>
    </ClInclude>
    <ClInclude Include="Configuration.h">
      <Filter>Header Files</Filter>
    </ClInclude>
    <ClInclude Include="StringConversion.h">
      <Filter>Header Files</Filter>
    </ClInclude>
    <ClInclude Include="DumpMemoryGui.h">
      <Filter>Header Files\GUI</Filter>
    </ClInclude>
    <ClInclude Include="hexedit.h">
      <Filter>Header Files</Filter>
    </ClInclude>
    <ClInclude Include="DeviceNameResolver.h">
      <Filter>Header Files\Helper</Filter>
    </ClInclude>
    <ClInclude Include="Architecture.h">
      <Filter>Header Files</Filter>
    </ClInclude>
    <ClInclude Include="DumpSectionGui.h">
      <Filter>Header Files\GUI</Filter>
    </ClInclude>
    <ClInclude Include="PeParser.h">
      <Filter>Header Files</Filter>
    </ClInclude>
    <ClInclude Include="ImportRebuilder.h">
      <Filter>Header Files</Filter>
    </ClInclude>
    <ClInclude Include="DonateGui.h">
      <Filter>Header Files\GUI</Filter>
    </ClInclude>
    <ClInclude Include="FunctionExport.h">
      <Filter>Header Files</Filter>
    </ClInclude>
    <ClInclude Include="IATReferenceScan.h">
      <Filter>Header Files</Filter>
    </ClInclude>
  </ItemGroup>
  <ItemGroup>
    <ResourceCompile Include="MainGui.rc">
      <Filter>Resource Files</Filter>
    </ResourceCompile>
  </ItemGroup>
  <ItemGroup>
    <None Include="scylla.ico">
      <Filter>Resource Files</Filter>
    </None>
    <None Include="check.ico">
      <Filter>Resource Files</Filter>
    </None>
    <None Include="error.ico">
      <Filter>Resource Files</Filter>
    </None>
    <None Include="warning.ico">
      <Filter>Resource Files</Filter>
    </None>
  </ItemGroup>
</Project>