<?xml version="1.0" encoding="utf-8"?>
<Project ToolsVersion="4.0" xmlns="http://schemas.microsoft.com/developer/msbuild/2003">
  <ItemGroup>
    <Filter Include="Quelldateien">
      <UniqueIdentifier>{4FC737F1-C7A5-4376-A066-2A32D752A2FF}</UniqueIdentifier>
      <Extensions>cpp;c;cc;cxx;def;odl;idl;hpj;bat;asm;asmx</Extensions>
    </Filter>
    <Filter Include="Headerdateien">
      <UniqueIdentifier>{93995380-89BD-4b04-88EB-625FBE52EBFB}</UniqueIdentifier>
      <Extensions>h;hpp;hxx;hm;inl;inc;xsd</Extensions>
    </Filter>
    <Filter Include="Ressourcendateien">
      <UniqueIdentifier>{67DA6AB6-F800-4c08-8B7A-83BB121AAD01}</UniqueIdentifier>
      <Extensions>rc;ico;cur;bmp;dlg;rc2;rct;bin;rgs;gif;jpg;jpeg;jpe;resx;tiff;tif;png;wav;mfcribbon-ms</Extensions>
    </Filter>
    <Filter Include="Headerdateien\GUI">
      <UniqueIdentifier>{e037d0d5-35ad-4034-83db-746a56a4fee7}</UniqueIdentifier>
    </Filter>
    <Filter Include="Quelldateien\GUI">
      <UniqueIdentifier>{6f76186f-b79c-41e2-8939-05d9de028aad}</UniqueIdentifier>
    </Filter>
  </ItemGroup>
  <ItemGroup>
    <ClCompile Include="main.cpp">
      <Filter>Quelldateien</Filter>
    </ClCompile>
    <ClCompile Include="MainGui.cpp">
      <Filter>Quelldateien\GUI</Filter>
    </ClCompile>
    <ClCompile Include="Logger.cpp">
      <Filter>Quelldateien\GUI</Filter>
    </ClCompile>
    <ClCompile Include="ProcessLister.cpp">
      <Filter>Quelldateien</Filter>
    </ClCompile>
    <ClCompile Include="PickDllGui.cpp">
      <Filter>Quelldateien\GUI</Filter>
    </ClCompile>
    <ClCompile Include="ImportsHandling.cpp">
      <Filter>Quelldateien\GUI</Filter>
    </ClCompile>
    <ClCompile Include="ApiReader.cpp">
      <Filter>Quelldateien</Filter>
    </ClCompile>
    <ClCompile Include="IATSearch.cpp">
      <Filter>Quelldateien</Filter>
    </ClCompile>
    <ClCompile Include="ProcessAccessHelp.cpp">
      <Filter>Quelldateien</Filter>
    </ClCompile>
    <ClCompile Include="ImportRebuild.cpp">
      <Filter>Quelldateien</Filter>
    </ClCompile>
    <ClCompile Include="PeDump.cpp">
      <Filter>Quelldateien</Filter>
    </ClCompile>
    <ClCompile Include="PeRebuild.cpp">
      <Filter>Quelldateien</Filter>
    </ClCompile>
    <ClCompile Include="DllInjection.cpp">
      <Filter>Quelldateien</Filter>
    </ClCompile>
    <ClCompile Include="DllInjectionPlugin.cpp">
      <Filter>Quelldateien</Filter>
    </ClCompile>
    <ClCompile Include="PluginLoader.cpp">
      <Filter>Quelldateien</Filter>
    </ClCompile>
    <ClCompile Include="ConfigurationHolder.cpp">
      <Filter>Quelldateien</Filter>
    </ClCompile>
    <ClCompile Include="DisassemblerGui.cpp">
      <Filter>Quelldateien\GUI</Filter>
    </ClCompile>
    <ClCompile Include="NativeWinApi.cpp">
      <Filter>Quelldateien</Filter>
    </ClCompile>
    <ClCompile Include="SystemInformation.cpp">
      <Filter>Quelldateien</Filter>
    </ClCompile>
    <ClCompile Include="AboutGui.cpp">
      <Filter>Quelldateien\GUI</Filter>
    </ClCompile>
    <ClCompile Include="OptionsGui.cpp">
      <Filter>Quelldateien\GUI</Filter>
    </ClCompile>
    <ClCompile Include="PickApiGui.cpp">
      <Filter>Quelldateien\GUI</Filter>
    </ClCompile>
    <ClCompile Include="TreeImportExport.cpp">
      <Filter>Quelldateien</Filter>
    </ClCompile>
  </ItemGroup>
  <ItemGroup>
    <ClInclude Include="resource.h">
      <Filter>Headerdateien</Filter>
    </ClInclude>
    <ClInclude Include="MainGui.h">
      <Filter>Headerdateien\GUI</Filter>
    </ClInclude>
    <ClInclude Include="Logger.h">
      <Filter>Headerdateien\GUI</Filter>
    </ClInclude>
    <ClInclude Include="ProcessLister.h">
      <Filter>Headerdateien</Filter>
    </ClInclude>
    <ClInclude Include="PickDllGui.h">
      <Filter>Headerdateien\GUI</Filter>
    </ClInclude>
    <ClInclude Include="ImportsHandling.h">
      <Filter>Headerdateien\GUI</Filter>
    </ClInclude>
    <ClInclude Include="ApiReader.h">
      <Filter>Headerdateien</Filter>
    </ClInclude>
    <ClInclude Include="IATSearch.h">
      <Filter>Headerdateien</Filter>
    </ClInclude>
    <ClInclude Include="ProcessAccessHelp.h">
      <Filter>Headerdateien</Filter>
    </ClInclude>
    <ClInclude Include="Thunks.h">
      <Filter>Headerdateien\GUI</Filter>
    </ClInclude>
    <ClInclude Include="PeRebuild.h">
      <Filter>Headerdateien</Filter>
    </ClInclude>
    <ClInclude Include="PeDump.h">
      <Filter>Headerdateien</Filter>
    </ClInclude>
    <ClInclude Include="ImportRebuild.h">
      <Filter>Headerdateien</Filter>
    </ClInclude>
    <ClInclude Include="ConfigurationHolder.h">
      <Filter>Headerdateien</Filter>
    </ClInclude>
    <ClInclude Include="DllInjectionPlugin.h">
      <Filter>Headerdateien</Filter>
    </ClInclude>
    <ClInclude Include="DllInjection.h">
      <Filter>Headerdateien</Filter>
    </ClInclude>
    <ClInclude Include="PluginLoader.h">
      <Filter>Headerdateien</Filter>
    </ClInclude>
    <ClInclude Include="definitions.h">
      <Filter>Headerdateien\GUI</Filter>
    </ClInclude>
    <ClInclude Include="DisassemblerGui.h">
      <Filter>Headerdateien\GUI</Filter>
    </ClInclude>
    <ClInclude Include="NativeWinApi.h">
      <Filter>Headerdateien</Filter>
    </ClInclude>
    <ClInclude Include="SystemInformation.h">
      <Filter>Headerdateien</Filter>
    </ClInclude>
    <ClInclude Include="AboutGui.h">
      <Filter>Headerdateien\GUI</Filter>
    </ClInclude>
    <ClInclude Include="OptionsGui.h">
      <Filter>Headerdateien\GUI</Filter>
    </ClInclude>
    <ClInclude Include="PickApiGui.h">
      <Filter>Headerdateien\GUI</Filter>
    </ClInclude>
    <ClInclude Include="multitree.h">
      <Filter>Headerdateien\GUI</Filter>
    </ClInclude>
    <ClInclude Include="TreeImportExport.h">
      <Filter>Headerdateien</Filter>
    </ClInclude>
    <ClInclude Include="hexedit.h">
      <Filter>Headerdateien\GUI</Filter>
    </ClInclude>
  </ItemGroup>
  <ItemGroup>
    <ResourceCompile Include="MainGui.rc">
      <Filter>Ressourcendateien</Filter>
    </ResourceCompile>
  </ItemGroup>
  <ItemGroup>
    <None Include="scylla.ico">
      <Filter>Ressourcendateien</Filter>
    </None>
    <None Include="check.ico">
      <Filter>Ressourcendateien</Filter>
    </None>
    <None Include="error.ico">
      <Filter>Ressourcendateien</Filter>
    </None>
    <None Include="warning.ico">
      <Filter>Ressourcendateien</Filter>
    </None>
  </ItemGroup>
</Project>